
Microsoft Visual Studio Solution File, Format Version 12.00
# Visual Studio Version 17
VisualStudioVersion = 17.5.33530.505
MinimumVisualStudioVersion = 10.0.40219.1
Project("{FAE04EC0-301F-11D3-BF4B-00C04F79EFBC}") = "Time Calculator", "Time Calculator.csproj", "{CEDD0313-F4E6-4415-9906-E385DB303FCD}"
EndProject
Global
	GlobalSection(SolutionConfigurationPlatforms) = preSolution
		Debug|Any CPU = Debug|Any CPU
		Release|Any CPU = Release|Any CPU
	EndGlobalSection
	GlobalSection(ProjectConfigurationPlatforms) = postSolution
		{CEDD0313-F4E6-4415-9906-E385DB303FCD}.Debug|Any CPU.ActiveCfg = Debug|Any CPU
		{CEDD0313-F4E6-4415-9906-E385DB303FCD}.Debug|Any CPU.Build.0 = Debug|Any CPU
		{CEDD0313-F4E6-4415-9906-E385DB303FCD}.Release|Any CPU.ActiveCfg = Release|Any CPU
		{CEDD0313-F4E6-4415-9906-E385DB303FCD}.Release|Any CPU.Build.0 = Release|Any CPU
	EndGlobalSection
	GlobalSection(SolutionProperties) = preSolution
		HideSolutionNode = FALSE
	EndGlobalSection
	GlobalSection(ExtensibilityGlobals) = postSolution
		SolutionGuid = {4921F876-7829-4F90-9B91-E75DB878D768}
	EndGlobalSection
EndGlobal
